
Microsoft Visual Studio Solution File, Format Version 12.00
# Visual Studio Version 17
VisualStudioVersion = 17.0.31903.59
MinimumVisualStudioVersion = 10.0.40219.1
Project("{2150E333-8FDC-42A3-9474-1A3956D46DE8}") = "src", "src", "{827E0CD3-B72D-47B6-A68D-7590B98EB39B}"
EndProject
Project("{FAE04EC0-301F-11D3-BF4B-00C04F79EFBC}") = "ModelReady.Core", "src\ModelReady.Core\ModelReady.Core.csproj", "{BF0A751F-0679-4A59-9764-DA77C37F755A}"
EndProject
Project("{FAE04EC0-301F-11D3-BF4B-00C04F79EFBC}") = "ModelReady.Rhino", "src\ModelReady.Rhino\ModelReady.Rhino.csproj", "{B4B80F7A-91B4-4DD5-AAC0-9D1CFA84DD81}"
EndProject
Project("{2150E333-8FDC-42A3-9474-1A3956D46DE8}") = "tests", "tests", "{0AB3BF05-4346-4AA6-1389-037BE0695223}"
EndProject
Project("{FAE04EC0-301F-11D3-BF4B-00C04F79EFBC}") = "ModelReady.Core.Tests", "tests\ModelReady.Core.Tests\ModelReady.Core.Tests.csproj", "{42644E33-F5F9-4C1F-9647-83758877A0AA}"
EndProject
Global
	GlobalSection(SolutionConfigurationPlatforms) = preSolution
		Debug|Any CPU = Debug|Any CPU
		Debug|x64 = Debug|x64
		Debug|x86 = Debug|x86
		Release|Any CPU = Release|Any CPU
		Release|x64 = Release|x64
		Release|x86 = Release|x86
	EndGlobalSection
	GlobalSection(ProjectConfigurationPlatforms) = postSolution
		{BF0A751F-0679-4A59-9764-DA77C37F755A}.Debug|Any CPU.ActiveCfg = Debug|Any CPU
		{BF0A751F-0679-4A59-9764-DA77C37F755A}.Debug|Any CPU.Build.0 = Debug|Any CPU
		{BF0A751F-0679-4A59-9764-DA77C37F755A}.Debug|x64.ActiveCfg = Debug|Any CPU
		{BF0A751F-0679-4A59-9764-DA77C37F755A}.Debug|x64.Build.0 = Debug|Any CPU
		{BF0A751F-0679-4A59-9764-DA77C37F755A}.Debug|x86.ActiveCfg = Debug|Any CPU
		{BF0A751F-0679-4A59-9764-DA77C37F755A}.Debug|x86.Build.0 = Debug|Any CPU
		{BF0A751F-0679-4A59-9764-DA77C37F755A}.Release|Any CPU.ActiveCfg = Release|Any CPU
		{BF0A751F-0679-4A59-9764-DA77C37F755A}.Release|Any CPU.Build.0 = Release|Any CPU
		{BF0A751F-0679-4A59-9764-DA77C37F755A}.Release|x64.ActiveCfg = Release|Any CPU
		{BF0A751F-0679-4A59-9764-DA77C37F755A}.Release|x64.Build.0 = Release|Any CPU
		{BF0A751F-0679-4A59-9764-DA77C37F755A}.Release|x86.ActiveCfg = Release|Any CPU
		{BF0A751F-0679-4A59-9764-DA77C37F755A}.Release|x86.Build.0 = Release|Any CPU
		{B4B80F7A-91B4-4DD5-AAC0-9D1CFA84DD81}.Debug|Any CPU.ActiveCfg = Debug|Any CPU
		{B4B80F7A-91B4-4DD5-AAC0-9D1CFA84DD81}.Debug|Any CPU.Build.0 = Debug|Any CPU
		{B4B80F7A-91B4-4DD5-AAC0-9D1CFA84DD81}.Debug|x64.ActiveCfg = Debug|Any CPU
		{B4B80F7A-91B4-4DD5-AAC0-9D1CFA84DD81}.Debug|x64.Build.0 = Debug|Any CPU
		{B4B80F7A-91B4-4DD5-AAC0-9D1CFA84DD81}.Debug|x86.ActiveCfg = Debug|Any CPU
		{B4B80F7A-91B4-4DD5-AAC0-9D1CFA84DD81}.Debug|x86.Build.0 = Debug|Any CPU
		{B4B80F7A-91B4-4DD5-AAC0-9D1CFA84DD81}.Release|Any CPU.ActiveCfg = Release|Any CPU
		{B4B80F7A-91B4-4DD5-AAC0-9D1CFA84DD81}.Release|Any CPU.Build.0 = Release|Any CPU
		{B4B80F7A-91B4-4DD5-AAC0-9D1CFA84DD81}.Release|x64.ActiveCfg = Release|Any CPU
		{B4B80F7A-91B4-4DD5-AAC0-9D1CFA84DD81}.Release|x64.Build.0 = Release|Any CPU
		{B4B80F7A-91B4-4DD5-AAC0-9D1CFA84DD81}.Release|x86.ActiveCfg = Release|Any CPU
		{B4B80F7A-91B4-4DD5-AAC0-9D1CFA84DD81}.Release|x86.Build.0 = Release|Any CPU
		{42644E33-F5F9-4C1F-9647-83758877A0AA}.Debug|Any CPU.ActiveCfg = Debug|Any CPU
		{42644E33-F5F9-4C1F-9647-83758877A0AA}.Debug|Any CPU.Build.0 = Debug|Any CPU
		{42644E33-F5F9-4C1F-9647-83758877A0AA}.Debug|x64.ActiveCfg = Debug|Any CPU
		{42644E33-F5F9-4C1F-9647-83758877A0AA}.Debug|x64.Build.0 = Debug|Any CPU
		{42644E33-F5F9-4C1F-9647-83758877A0AA}.Debug|x86.ActiveCfg = Debug|Any CPU
		{42644E33-F5F9-4C1F-9647-83758877A0AA}.Debug|x86.Build.0 = Debug|Any CPU
		{42644E33-F5F9-4C1F-9647-83758877A0AA}.Release|Any CPU.ActiveCfg = Release|Any CPU
		{42644E33-F5F9-4C1F-9647-83758877A0AA}.Release|Any CPU.Build.0 = Release|Any CPU
		{42644E33-F5F9-4C1F-9647-83758877A0AA}.Release|x64.ActiveCfg = Release|Any CPU
		{42644E33-F5F9-4C1F-9647-83758877A0AA}.Release|x64.Build.0 = Release|Any CPU
		{42644E33-F5F9-4C1F-9647-83758877A0AA}.Release|x86.ActiveCfg = Release|Any CPU
		{42644E33-F5F9-4C1F-9647-83758877A0AA}.Release|x86.Build.0 = Release|Any CPU
	EndGlobalSection
	GlobalSection(SolutionProperties) = preSolution
		HideSolutionNode = FALSE
	EndGlobalSection
	GlobalSection(NestedProjects) = preSolution
		{BF0A751F-0679-4A59-9764-DA77C37F755A} = {827E0CD3-B72D-47B6-A68D-7590B98EB39B}
		{B4B80F7A-91B4-4DD5-AAC0-9D1CFA84DD81} = {827E0CD3-B72D-47B6-A68D-7590B98EB39B}
		{42644E33-F5F9-4C1F-9647-83758877A0AA} = {0AB3BF05-4346-4AA6-1389-037BE0695223}
	EndGlobalSection
EndGlobal
